
Microsoft Visual Studio Solution File, Format Version 12.00
# Visual Studio Version 17
VisualStudioVersion = 17.8.34525.116
MinimumVisualStudioVersion = 10.0.40219.1
Project("{FAE04EC0-301F-11D3-BF4B-00C04F79EFBC}") = "PeopleApi", "PeopleApi\PeopleApi.csproj", "{5CFD5B5A-6428-4CEE-84C9-C027AC3CC4D0}"
EndProject
Global
	GlobalSection(SolutionConfigurationPlatforms) = preSolution
		Debug|Any CPU = Debug|Any CPU
		Release|Any CPU = Release|Any CPU
	EndGlobalSection
	GlobalSection(ProjectConfigurationPlatforms) = postSolution
		{5CFD5B5A-6428-4CEE-84C9-C027AC3CC4D0}.Debug|Any CPU.ActiveCfg = Debug|Any CPU
		{5CFD5B5A-6428-4CEE-84C9-C027AC3CC4D0}.Debug|Any CPU.Build.0 = Debug|Any CPU
		{5CFD5B5A-6428-4CEE-84C9-C027AC3CC4D0}.Release|Any CPU.ActiveCfg = Release|Any CPU
		{5CFD5B5A-6428-4CEE-84C9-C027AC3CC4D0}.Release|Any CPU.Build.0 = Release|Any CPU
	EndGlobalSection
	GlobalSection(SolutionProperties) = preSolution
		HideSolutionNode = FALSE
	EndGlobalSection
	GlobalSection(ExtensibilityGlobals) = postSolution
		SolutionGuid = {B6F16BD5-BCE8-4B83-950B-3A41E4A33C8A}
	EndGlobalSection
EndGlobal
